
Microsoft Visual Studio Solution File, Format Version 12.00
# Visual Studio 2012
Project("{2150E333-8FDC-42A3-9474-1A3956D46DE8}") = "Demo", "Demo", "{88B9BE0A-1AEE-4CF4-922F-3FCB02071927}"
EndProject
Project("{2150E333-8FDC-42A3-9474-1A3956D46DE8}") = "Tests", "Tests", "{9BEFBB64-230A-45F6-8DCA-4EEFC010C283}"
EndProject
Project("{2150E333-8FDC-42A3-9474-1A3956D46DE8}") = "Core", "Core", "{FC97556B-928D-4853-B89C-61DA61D1A9BE}"
EndProject
Project("{FAE04EC0-301F-11D3-BF4B-00C04F79EFBC}") = "Lab.Heroes.Administration", "Lab.Heroes.Administration\Lab.Heroes.Administration.csproj", "{7C627FE7-D70E-4B75-89B4-A7EAA4EAEED1}"
EndProject
Project("{FAE04EC0-301F-11D3-BF4B-00C04F79EFBC}") = "Lab.Core", "Lab.Core\Lab.Core.csproj", "{A1B626B7-00D2-4B34-9F05-28D58908040B}"
EndProject
Project("{FAE04EC0-301F-11D3-BF4B-00C04F79EFBC}") = "Lab.Core.Tests", "Lab.Core.Tests\Lab.Core.Tests.csproj", "{1B13E2D1-42B1-45C2-B594-A9FF0BDEEE21}"
EndProject
Global
	GlobalSection(SolutionConfigurationPlatforms) = preSolution
		Debug|Any CPU = Debug|Any CPU
		Release|Any CPU = Release|Any CPU
	EndGlobalSection
	GlobalSection(ProjectConfigurationPlatforms) = postSolution
		{7C627FE7-D70E-4B75-89B4-A7EAA4EAEED1}.Debug|Any CPU.ActiveCfg = Debug|Any CPU
		{7C627FE7-D70E-4B75-89B4-A7EAA4EAEED1}.Debug|Any CPU.Build.0 = Debug|Any CPU
		{7C627FE7-D70E-4B75-89B4-A7EAA4EAEED1}.Debug|Any CPU.Deploy.0 = Debug|Any CPU
		{7C627FE7-D70E-4B75-89B4-A7EAA4EAEED1}.Release|Any CPU.ActiveCfg = Release|Any CPU
		{7C627FE7-D70E-4B75-89B4-A7EAA4EAEED1}.Release|Any CPU.Build.0 = Release|Any CPU
		{7C627FE7-D70E-4B75-89B4-A7EAA4EAEED1}.Release|Any CPU.Deploy.0 = Release|Any CPU
		{A1B626B7-00D2-4B34-9F05-28D58908040B}.Debug|Any CPU.ActiveCfg = Debug|Any CPU
		{A1B626B7-00D2-4B34-9F05-28D58908040B}.Debug|Any CPU.Build.0 = Debug|Any CPU
		{A1B626B7-00D2-4B34-9F05-28D58908040B}.Release|Any CPU.ActiveCfg = Release|Any CPU
		{A1B626B7-00D2-4B34-9F05-28D58908040B}.Release|Any CPU.Build.0 = Release|Any CPU
		{1B13E2D1-42B1-45C2-B594-A9FF0BDEEE21}.Debug|Any CPU.ActiveCfg = Debug|Any CPU
		{1B13E2D1-42B1-45C2-B594-A9FF0BDEEE21}.Debug|Any CPU.Build.0 = Debug|Any CPU
		{1B13E2D1-42B1-45C2-B594-A9FF0BDEEE21}.Release|Any CPU.ActiveCfg = Release|Any CPU
		{1B13E2D1-42B1-45C2-B594-A9FF0BDEEE21}.Release|Any CPU.Build.0 = Release|Any CPU
	EndGlobalSection
	GlobalSection(SolutionProperties) = preSolution
		HideSolutionNode = FALSE
	EndGlobalSection
	GlobalSection(NestedProjects) = preSolution
		{7C627FE7-D70E-4B75-89B4-A7EAA4EAEED1} = {88B9BE0A-1AEE-4CF4-922F-3FCB02071927}
		{A1B626B7-00D2-4B34-9F05-28D58908040B} = {FC97556B-928D-4853-B89C-61DA61D1A9BE}
	EndGlobalSection
EndGlobal
