
Microsoft Visual Studio Solution File, Format Version 12.00
# Visual Studio 2012
Project("{FAE04EC0-301F-11D3-BF4B-00C04F79EFBC}") = "Lab.Training.DomainObjectAdministration", "Lab.Training.DomainObjectAdministration\Lab.Training.DomainObjectAdministration.csproj", "{B2E25983-6D10-4F45-AB4B-5EF17F7A1BE5}"
EndProject
Global
	GlobalSection(SolutionConfigurationPlatforms) = preSolution
		Debug|Any CPU = Debug|Any CPU
		Release|Any CPU = Release|Any CPU
	EndGlobalSection
	GlobalSection(ProjectConfigurationPlatforms) = postSolution
		{B2E25983-6D10-4F45-AB4B-5EF17F7A1BE5}.Debug|Any CPU.ActiveCfg = Debug|Any CPU
		{B2E25983-6D10-4F45-AB4B-5EF17F7A1BE5}.Debug|Any CPU.Build.0 = Debug|Any CPU
		{B2E25983-6D10-4F45-AB4B-5EF17F7A1BE5}.Debug|Any CPU.Deploy.0 = Debug|Any CPU
		{B2E25983-6D10-4F45-AB4B-5EF17F7A1BE5}.Release|Any CPU.ActiveCfg = Release|Any CPU
		{B2E25983-6D10-4F45-AB4B-5EF17F7A1BE5}.Release|Any CPU.Build.0 = Release|Any CPU
		{B2E25983-6D10-4F45-AB4B-5EF17F7A1BE5}.Release|Any CPU.Deploy.0 = Release|Any CPU
	EndGlobalSection
	GlobalSection(SolutionProperties) = preSolution
		HideSolutionNode = FALSE
	EndGlobalSection
EndGlobal
